
Microsoft Visual Studio Solution File, Format Version 12.00
# Visual Studio Version 17
VisualStudioVersion = 17.4.33403.182
MinimumVisualStudioVersion = 10.0.40219.1
Project("{9A19103F-16F7-4668-BE54-9A1E7A4F7556}") = "Hotebedscache.Api", "hotebedscache.Api\Hotebedscache.Api.csproj", "{AC9B0331-1343-4749-882F-E47E41E6E4CD}"
EndProject
Project("{9A19103F-16F7-4668-BE54-9A1E7A4F7556}") = "Hotebedscache.Domain", "hotebedscache.Domain\Hotebedscache.Domain.csproj", "{D5C212B9-E31B-44ED-86CD-C0D8C7355A56}"
EndProject
Project("{9A19103F-16F7-4668-BE54-9A1E7A4F7556}") = "Hotebedscache.Service", "hotebedscache.Service\Hotebedscache.Service.csproj", "{35B129AD-38E9-4E43-9793-75E5F8D15C38}"
EndProject
Global
	GlobalSection(SolutionConfigurationPlatforms) = preSolution
		Debug|Any CPU = Debug|Any CPU
		Release|Any CPU = Release|Any CPU
	EndGlobalSection
	GlobalSection(ProjectConfigurationPlatforms) = postSolution
		{AC9B0331-1343-4749-882F-E47E41E6E4CD}.Debug|Any CPU.ActiveCfg = Debug|Any CPU
		{AC9B0331-1343-4749-882F-E47E41E6E4CD}.Debug|Any CPU.Build.0 = Debug|Any CPU
		{AC9B0331-1343-4749-882F-E47E41E6E4CD}.Release|Any CPU.ActiveCfg = Release|Any CPU
		{AC9B0331-1343-4749-882F-E47E41E6E4CD}.Release|Any CPU.Build.0 = Release|Any CPU
		{D5C212B9-E31B-44ED-86CD-C0D8C7355A56}.Debug|Any CPU.ActiveCfg = Debug|Any CPU
		{D5C212B9-E31B-44ED-86CD-C0D8C7355A56}.Debug|Any CPU.Build.0 = Debug|Any CPU
		{D5C212B9-E31B-44ED-86CD-C0D8C7355A56}.Release|Any CPU.ActiveCfg = Release|Any CPU
		{D5C212B9-E31B-44ED-86CD-C0D8C7355A56}.Release|Any CPU.Build.0 = Release|Any CPU
		{35B129AD-38E9-4E43-9793-75E5F8D15C38}.Debug|Any CPU.ActiveCfg = Debug|Any CPU
		{35B129AD-38E9-4E43-9793-75E5F8D15C38}.Debug|Any CPU.Build.0 = Debug|Any CPU
		{35B129AD-38E9-4E43-9793-75E5F8D15C38}.Release|Any CPU.ActiveCfg = Release|Any CPU
		{35B129AD-38E9-4E43-9793-75E5F8D15C38}.Release|Any CPU.Build.0 = Release|Any CPU
	EndGlobalSection
	GlobalSection(SolutionProperties) = preSolution
		HideSolutionNode = FALSE
	EndGlobalSection
	GlobalSection(ExtensibilityGlobals) = postSolution
		SolutionGuid = {80962BD5-C47B-40A5-ADD8-789339838926}
	EndGlobalSection
EndGlobal
